Microsoft Visual Studio Solution File, Format Version 12.00
# Visual Studio Version 17
VisualStudioVersion = 17.5.2.0
MinimumVisualStudioVersion = 10.0.40219.1
Project("{FAE04EC0-301F-11D3-BF4B-00C04F79EFBC}") = "ClassePedido", "ClassePedido.csproj", "{9667E07F-739D-0215-B96E-B06246AA0F1B}"
EndProject
Global
	GlobalSection(SolutionConfigurationPlatforms) = preSolution
		Debug|Any CPU = Debug|Any CPU
		Release|Any CPU = Release|Any CPU
	EndGlobalSection
	GlobalSection(ProjectConfigurationPlatforms) = postSolution
		{9667E07F-739D-0215-B96E-B06246AA0F1B}.Debug|Any CPU.ActiveCfg = Debug|Any CPU
		{9667E07F-739D-0215-B96E-B06246AA0F1B}.Debug|Any CPU.Build.0 = Debug|Any CPU
		{9667E07F-739D-0215-B96E-B06246AA0F1B}.Release|Any CPU.ActiveCfg = Release|Any CPU
		{9667E07F-739D-0215-B96E-B06246AA0F1B}.Release|Any CPU.Build.0 = Release|Any CPU
	EndGlobalSection
	GlobalSection(SolutionProperties) = preSolution
		HideSolutionNode = FALSE
	EndGlobalSection
	GlobalSection(ExtensibilityGlobals) = postSolution
		SolutionGuid = {2532EE4B-BE54-4773-A206-908F68120645}
	EndGlobalSection
EndGlobal
